
Microsoft Visual Studio Solution File, Format Version 12.00
# Visual Studio Version 17
VisualStudioVersion = 17.9.34728.123
MinimumVisualStudioVersion = 10.0.40219.1
Project("{9A19103F-16F7-4668-BE54-9A1E7A4F7556}") = "SuperStore.Shared", "SuperStore.Shared\SuperStore.Shared.csproj", "{3F9D563D-5133-4093-97DE-BD1D50543F2A}"
EndProject
Project("{FAE04EC0-301F-11D3-BF4B-00C04F79EFBC}") = "SuperStore.Funds", "SuperStore.Funds\SuperStore.Funds.csproj", "{72C43958-23B1-4C4A-A03B-3A8977ACB0D0}"
EndProject
Project("{FAE04EC0-301F-11D3-BF4B-00C04F79EFBC}") = "SuperStore.Carts", "SuperStore.Carts\SuperStore.Carts.csproj", "{179E5308-0C73-4F4E-B8CC-0EDAC16A99D1}"
EndProject
Global
	GlobalSection(SolutionConfigurationPlatforms) = preSolution
		Debug|Any CPU = Debug|Any CPU
		Release|Any CPU = Release|Any CPU
	EndGlobalSection
	GlobalSection(ProjectConfigurationPlatforms) = postSolution
		{3F9D563D-5133-4093-97DE-BD1D50543F2A}.Debug|Any CPU.ActiveCfg = Debug|Any CPU
		{3F9D563D-5133-4093-97DE-BD1D50543F2A}.Debug|Any CPU.Build.0 = Debug|Any CPU
		{3F9D563D-5133-4093-97DE-BD1D50543F2A}.Release|Any CPU.ActiveCfg = Release|Any CPU
		{3F9D563D-5133-4093-97DE-BD1D50543F2A}.Release|Any CPU.Build.0 = Release|Any CPU
		{72C43958-23B1-4C4A-A03B-3A8977ACB0D0}.Debug|Any CPU.ActiveCfg = Debug|Any CPU
		{72C43958-23B1-4C4A-A03B-3A8977ACB0D0}.Debug|Any CPU.Build.0 = Debug|Any CPU
		{72C43958-23B1-4C4A-A03B-3A8977ACB0D0}.Release|Any CPU.ActiveCfg = Release|Any CPU
		{72C43958-23B1-4C4A-A03B-3A8977ACB0D0}.Release|Any CPU.Build.0 = Release|Any CPU
		{179E5308-0C73-4F4E-B8CC-0EDAC16A99D1}.Debug|Any CPU.ActiveCfg = Debug|Any CPU
		{179E5308-0C73-4F4E-B8CC-0EDAC16A99D1}.Debug|Any CPU.Build.0 = Debug|Any CPU
		{179E5308-0C73-4F4E-B8CC-0EDAC16A99D1}.Release|Any CPU.ActiveCfg = Release|Any CPU
		{179E5308-0C73-4F4E-B8CC-0EDAC16A99D1}.Release|Any CPU.Build.0 = Release|Any CPU
	EndGlobalSection
	GlobalSection(SolutionProperties) = preSolution
		HideSolutionNode = FALSE
	EndGlobalSection
	GlobalSection(ExtensibilityGlobals) = postSolution
		SolutionGuid = {410F21D7-324C-4F6B-9BC4-BCCB275C1E07}
	EndGlobalSection
EndGlobal
